
Microsoft Visual Studio Solution File, Format Version 12.00
# Visual Studio Version 16
VisualStudioVersion = 16.0.31112.23
MinimumVisualStudioVersion = 10.0.40219.1
Project("{9A19103F-16F7-4668-BE54-9A1E7A4F7556}") = "ParallelSamples", "ParallelSamples\ParallelSamples.csproj", "{BF270CEE-4C02-4935-AFAB-BAAE63738BED}"
EndProject
Project("{FAE04EC0-301F-11D3-BF4B-00C04F79EFBC}") = "ParallelSamples.Test", "ParallelSamples.Test\ParallelSamples.Test.csproj", "{C0C57DEF-1D2D-44F4-A0A7-7CF045E1ACC3}"
EndProject
Project("{FAE04EC0-301F-11D3-BF4B-00C04F79EFBC}") = "ParallelSamples.Benchmark", "ParallelSamples.Benchmark\ParallelSamples.Benchmark.csproj", "{AF55719F-A3A8-49A2-909E-BA800ECE73E1}"
EndProject
Global
	GlobalSection(SolutionConfigurationPlatforms) = preSolution
		Debug|Any CPU = Debug|Any CPU
		Release|Any CPU = Release|Any CPU
	EndGlobalSection
	GlobalSection(ProjectConfigurationPlatforms) = postSolution
		{BF270CEE-4C02-4935-AFAB-BAAE63738BED}.Debug|Any CPU.ActiveCfg = Debug|Any CPU
		{BF270CEE-4C02-4935-AFAB-BAAE63738BED}.Debug|Any CPU.Build.0 = Debug|Any CPU
		{BF270CEE-4C02-4935-AFAB-BAAE63738BED}.Release|Any CPU.ActiveCfg = Release|Any CPU
		{BF270CEE-4C02-4935-AFAB-BAAE63738BED}.Release|Any CPU.Build.0 = Release|Any CPU
		{C0C57DEF-1D2D-44F4-A0A7-7CF045E1ACC3}.Debug|Any CPU.ActiveCfg = Debug|Any CPU
		{C0C57DEF-1D2D-44F4-A0A7-7CF045E1ACC3}.Debug|Any CPU.Build.0 = Debug|Any CPU
		{C0C57DEF-1D2D-44F4-A0A7-7CF045E1ACC3}.Release|Any CPU.ActiveCfg = Release|Any CPU
		{C0C57DEF-1D2D-44F4-A0A7-7CF045E1ACC3}.Release|Any CPU.Build.0 = Release|Any CPU
		{AF55719F-A3A8-49A2-909E-BA800ECE73E1}.Debug|Any CPU.ActiveCfg = Debug|Any CPU
		{AF55719F-A3A8-49A2-909E-BA800ECE73E1}.Debug|Any CPU.Build.0 = Debug|Any CPU
		{AF55719F-A3A8-49A2-909E-BA800ECE73E1}.Release|Any CPU.ActiveCfg = Release|Any CPU
		{AF55719F-A3A8-49A2-909E-BA800ECE73E1}.Release|Any CPU.Build.0 = Release|Any CPU
	EndGlobalSection
	GlobalSection(SolutionProperties) = preSolution
		HideSolutionNode = FALSE
	EndGlobalSection
	GlobalSection(ExtensibilityGlobals) = postSolution
		SolutionGuid = {CFBFFCEB-85D6-4FF3-9439-AA57EDAA014E}
	EndGlobalSection
EndGlobal
